
Microsoft Visual Studio Solution File, Format Version 12.00
# Visual Studio Version 17
VisualStudioVersion = 17.9.34728.123
MinimumVisualStudioVersion = 10.0.40219.1
Project("{FAE04EC0-301F-11D3-BF4B-00C04F79EFBC}") = "vCatalogRazor", "vCatalogRazor\vCatalogRazor.csproj", "{3C932C17-2EAC-4C43-B72F-AAACC7BBF686}"
EndProject
Global
	GlobalSection(SolutionConfigurationPlatforms) = preSolution
		Debug|Any CPU = Debug|Any CPU
		Release|Any CPU = Release|Any CPU
	EndGlobalSection
	GlobalSection(ProjectConfigurationPlatforms) = postSolution
		{3C932C17-2EAC-4C43-B72F-AAACC7BBF686}.Debug|Any CPU.ActiveCfg = Debug|Any CPU
		{3C932C17-2EAC-4C43-B72F-AAACC7BBF686}.Debug|Any CPU.Build.0 = Debug|Any CPU
		{3C932C17-2EAC-4C43-B72F-AAACC7BBF686}.Release|Any CPU.ActiveCfg = Release|Any CPU
		{3C932C17-2EAC-4C43-B72F-AAACC7BBF686}.Release|Any CPU.Build.0 = Release|Any CPU
	EndGlobalSection
	GlobalSection(SolutionProperties) = preSolution
		HideSolutionNode = FALSE
	EndGlobalSection
	GlobalSection(ExtensibilityGlobals) = postSolution
		SolutionGuid = {85D72B35-C75D-45FE-8D9F-00FCADDA061E}
	EndGlobalSection
EndGlobal
